
Microsoft Visual Studio Solution File, Format Version 12.00
# Visual Studio Version 17
VisualStudioVersion = 17.14.36202.13 d17.14
MinimumVisualStudioVersion = 10.0.40219.1
Project("{FAE04EC0-301F-11D3-BF4B-00C04F79EFBC}") = "ConsoleApp1", "ConsoleApp1\ConsoleApp1.csproj", "{2878F44F-5CF6-46D6-9535-C677A8E99241}"
EndProject
Global
	GlobalSection(SolutionConfigurationPlatforms) = preSolution
		Debug|Any CPU = Debug|Any CPU
		Release|Any CPU = Release|Any CPU
	EndGlobalSection
	GlobalSection(ProjectConfigurationPlatforms) = postSolution
		{2878F44F-5CF6-46D6-9535-C677A8E99241}.Debug|Any CPU.ActiveCfg = Debug|Any CPU
		{2878F44F-5CF6-46D6-9535-C677A8E99241}.Debug|Any CPU.Build.0 = Debug|Any CPU
		{2878F44F-5CF6-46D6-9535-C677A8E99241}.Release|Any CPU.ActiveCfg = Release|Any CPU
		{2878F44F-5CF6-46D6-9535-C677A8E99241}.Release|Any CPU.Build.0 = Release|Any CPU
	EndGlobalSection
	GlobalSection(SolutionProperties) = preSolution
		HideSolutionNode = FALSE
	EndGlobalSection
	GlobalSection(ExtensibilityGlobals) = postSolution
		SolutionGuid = {EA83E0D6-635A-40A4-AED0-287B0041BA55}
	EndGlobalSection
EndGlobal
